
Microsoft Visual Studio Solution File, Format Version 12.00
# Visual Studio Version 17
VisualStudioVersion = 17.10.35027.167
MinimumVisualStudioVersion = 10.0.40219.1
Project("{9A19103F-16F7-4668-BE54-9A1E7A4F7556}") = "Jeopardy.Server", "Jeopardy.Server\Jeopardy.Server.csproj", "{1208CBBB-457B-42D1-8243-7FAAF404FFF3}"
EndProject
Project("{54A90642-561A-4BB1-A94E-469ADEE60C69}") = "Jeopardy.Client", "Jeopardy.Client\Jeopardy.Client.esproj", "{7F8F8970-1178-4290-888E-490FB17C8ED6}"
EndProject
Global
	GlobalSection(SolutionConfigurationPlatforms) = preSolution
		Debug|Any CPU = Debug|Any CPU
		Release|Any CPU = Release|Any CPU
	EndGlobalSection
	GlobalSection(ProjectConfigurationPlatforms) = postSolution
		{1208CBBB-457B-42D1-8243-7FAAF404FFF3}.Debug|Any CPU.ActiveCfg = Debug|Any CPU
		{1208CBBB-457B-42D1-8243-7FAAF404FFF3}.Debug|Any CPU.Build.0 = Debug|Any CPU
		{1208CBBB-457B-42D1-8243-7FAAF404FFF3}.Release|Any CPU.ActiveCfg = Release|Any CPU
		{1208CBBB-457B-42D1-8243-7FAAF404FFF3}.Release|Any CPU.Build.0 = Release|Any CPU
		{7F8F8970-1178-4290-888E-490FB17C8ED6}.Debug|Any CPU.ActiveCfg = Debug|Any CPU
		{7F8F8970-1178-4290-888E-490FB17C8ED6}.Debug|Any CPU.Build.0 = Debug|Any CPU
		{7F8F8970-1178-4290-888E-490FB17C8ED6}.Debug|Any CPU.Deploy.0 = Debug|Any CPU
		{7F8F8970-1178-4290-888E-490FB17C8ED6}.Release|Any CPU.ActiveCfg = Release|Any CPU
		{7F8F8970-1178-4290-888E-490FB17C8ED6}.Release|Any CPU.Build.0 = Release|Any CPU
		{7F8F8970-1178-4290-888E-490FB17C8ED6}.Release|Any CPU.Deploy.0 = Release|Any CPU
	EndGlobalSection
	GlobalSection(SolutionProperties) = preSolution
		HideSolutionNode = FALSE
	EndGlobalSection
	GlobalSection(ExtensibilityGlobals) = postSolution
		SolutionGuid = {EE41051E-5BCF-4078-88C2-C5C293C9F54C}
	EndGlobalSection
EndGlobal
